
Microsoft Visual Studio Solution File, Format Version 12.00
# Visual Studio Version 17
VisualStudioVersion = 17.3.32901.215
MinimumVisualStudioVersion = 10.0.40219.1
Project("{FAE04EC0-301F-11D3-BF4B-00C04F79EFBC}") = "TextReader", "TextReader\TextReader.csproj", "{4E7D17C9-7887-4A28-88C7-790D8CDC6457}"
EndProject
Project("{FAE04EC0-301F-11D3-BF4B-00C04F79EFBC}") = "TextReader.UnitTests", "TextReader.UnitTests\TextReader.UnitTests.csproj", "{7DA8E565-9D0E-479B-86FF-251189DA6DF2}"
EndProject
Global
	GlobalSection(SolutionConfigurationPlatforms) = preSolution
		Debug|Any CPU = Debug|Any CPU
		Release|Any CPU = Release|Any CPU
	EndGlobalSection
	GlobalSection(ProjectConfigurationPlatforms) = postSolution
		{4E7D17C9-7887-4A28-88C7-790D8CDC6457}.Debug|Any CPU.ActiveCfg = Debug|Any CPU
		{4E7D17C9-7887-4A28-88C7-790D8CDC6457}.Debug|Any CPU.Build.0 = Debug|Any CPU
		{4E7D17C9-7887-4A28-88C7-790D8CDC6457}.Release|Any CPU.ActiveCfg = Release|Any CPU
		{4E7D17C9-7887-4A28-88C7-790D8CDC6457}.Release|Any CPU.Build.0 = Release|Any CPU
		{7DA8E565-9D0E-479B-86FF-251189DA6DF2}.Debug|Any CPU.ActiveCfg = Debug|Any CPU
		{7DA8E565-9D0E-479B-86FF-251189DA6DF2}.Debug|Any CPU.Build.0 = Debug|Any CPU
		{7DA8E565-9D0E-479B-86FF-251189DA6DF2}.Release|Any CPU.ActiveCfg = Release|Any CPU
		{7DA8E565-9D0E-479B-86FF-251189DA6DF2}.Release|Any CPU.Build.0 = Release|Any CPU
	EndGlobalSection
	GlobalSection(SolutionProperties) = preSolution
		HideSolutionNode = FALSE
	EndGlobalSection
	GlobalSection(ExtensibilityGlobals) = postSolution
		SolutionGuid = {F84D3C27-4F30-449D-BA75-0292AEF8FF74}
	EndGlobalSection
EndGlobal
